{
  "name": "test-git-repo",
  "version": "1.0.0",
  "lockfileVersion": 2,
  "requires": true,
  "packages": {
    "": {
      "name": "test-git-repo",
      "version": "1.0.0",
      "devDependencies": {
        "@ruyadorno/postinstall-failure": "^1.0.0",
        "abbrev": "^1.1.1"
      }
    },
    "node_modules/@ruyadorno/postinstall-failure": {
      "version": "1.0.0",
      "resolved": "https://registry.npmjs.org/@ruyadorno/postinstall-failure/-/postinstall-failure-1.0.0.tgz",
      "integrity": "sha512-OqKU91DvKiWoGGeI9gvQqUIPitOFm/MUvk+7GFTggsBFSxcux3Ocq9Of2N8tzi2UYwxPKsRl0xQ/o8AzBSSICg==",
      "dev": true,
      "hasInstallScript": true
    },
    "node_modules/abbrev": {
      "version": "1.1.1",
      "resolved": "https://registry.npmjs.org/abbrev/-/abbrev-1.1.1.tgz",
      "integrity": "sha512-nne9/IiQ/hzIhY6pdDnbBtz7DjPTKrY00P/zvPSm5pOFkl6xuGrGnXn/VtTNNfNtAfZ9/1RtehkszU9qcTii0Q==",
      "dev": true
    }
  },
  "dependencies": {
    "@ruyadorno/postinstall-failure": {
      "version": "1.0.0",
      "resolved": "https://registry.npmjs.org/@ruyadorno/postinstall-failure/-/postinstall-failure-1.0.0.tgz",
      "integrity": "sha512-OqKU91DvKiWoGGeI9gvQqUIPitOFm/MUvk+7GFTggsBFSxcux3Ocq9Of2N8tzi2UYwxPKsRl0xQ/o8AzBSSICg==",
      "dev": true
    },
    "abbrev": {
      "version": "1.1.1",
      "resolved": "https://registry.npmjs.org/abbrev/-/abbrev-1.1.1.tgz",
      "integrity": "sha512-nne9/IiQ/hzIhY6pdDnbBtz7DjPTKrY00P/zvPSm5pOFkl6xuGrGnXn/VtTNNfNtAfZ9/1RtehkszU9qcTii0Q==",
      "dev": true
    }
  }
}
